
Microsoft Visual Studio Solution File, Format Version 12.00
# Visual Studio 15
VisualStudioVersion = 15.0.27703.2042
MinimumVisualStudioVersion = 10.0.40219.1
Project("{FAE04EC0-301F-11D3-BF4B-00C04F79EFBC}") = "Triggmine.Report.Scheduler", "Triggmine.Report.Scheduler\Triggmine.Report.Scheduler.csproj", "{2B10371F-2BD6-4D2A-9F2B-17DB5905553E}"
EndProject
Project("{E53339B2-1760-4266-BCC7-CA923CBCF16C}") = "docker-compose", "docker-compose.dcproj", "{E50326AA-21CD-4E95-884D-05B08A47FDE9}"
EndProject
Project("{FAE04EC0-301F-11D3-BF4B-00C04F79EFBC}") = "Triggmine.Report.Scheduler.Shared", "Triggmine.Report.Scheduler.Shared\Triggmine.Report.Scheduler.Shared.csproj", "{47D5D37C-C852-47C6-94AB-E6A16C7F12DA}"
EndProject
Global
	GlobalSection(SolutionConfigurationPlatforms) = preSolution
		Debug|Any CPU = Debug|Any CPU
		Release|Any CPU = Release|Any CPU
	EndGlobalSection
	GlobalSection(ProjectConfigurationPlatforms) = postSolution
		{2B10371F-2BD6-4D2A-9F2B-17DB5905553E}.Debug|Any CPU.ActiveCfg = Debug|Any CPU
		{2B10371F-2BD6-4D2A-9F2B-17DB5905553E}.Debug|Any CPU.Build.0 = Debug|Any CPU
		{2B10371F-2BD6-4D2A-9F2B-17DB5905553E}.Release|Any CPU.ActiveCfg = Release|Any CPU
		{2B10371F-2BD6-4D2A-9F2B-17DB5905553E}.Release|Any CPU.Build.0 = Release|Any CPU
		{E50326AA-21CD-4E95-884D-05B08A47FDE9}.Debug|Any CPU.ActiveCfg = Debug|Any CPU
		{E50326AA-21CD-4E95-884D-05B08A47FDE9}.Debug|Any CPU.Build.0 = Debug|Any CPU
		{E50326AA-21CD-4E95-884D-05B08A47FDE9}.Release|Any CPU.ActiveCfg = Release|Any CPU
		{E50326AA-21CD-4E95-884D-05B08A47FDE9}.Release|Any CPU.Build.0 = Release|Any CPU
		{47D5D37C-C852-47C6-94AB-E6A16C7F12DA}.Debug|Any CPU.ActiveCfg = Debug|Any CPU
		{47D5D37C-C852-47C6-94AB-E6A16C7F12DA}.Debug|Any CPU.Build.0 = Debug|Any CPU
		{47D5D37C-C852-47C6-94AB-E6A16C7F12DA}.Release|Any CPU.ActiveCfg = Release|Any CPU
		{47D5D37C-C852-47C6-94AB-E6A16C7F12DA}.Release|Any CPU.Build.0 = Release|Any CPU
	EndGlobalSection
	GlobalSection(SolutionProperties) = preSolution
		HideSolutionNode = FALSE
	EndGlobalSection
	GlobalSection(ExtensibilityGlobals) = postSolution
		SolutionGuid = {861D7FEE-4C42-4234-9610-AC1E258BBAE3}
	EndGlobalSection
EndGlobal
